<?xml version="1.0" encoding="utf-8"?>
<Project ToolsVersion="4.0" xmlns="http://schemas.microsoft.com/developer/msbuild/2003">
  <ItemGroup>
    <Filter Include="Fichiers sources">
      <UniqueIdentifier>{4FC737F1-C7A5-4376-A066-2A32D752A2FF}</UniqueIdentifier>
      <Extensions>cpp;c;cc;cxx;c++;cppm;ixx;def;odl;idl;hpj;bat;asm;asmx</Extensions>
    </Filter>
    <Filter Include="Fichiers d%27en-tête">
      <UniqueIdentifier>{93995380-89BD-4b04-88EB-625FBE52EBFB}</UniqueIdentifier>
      <Extensions>h;hh;hpp;hxx;h++;hm;inl;inc;ipp;xsd</Extensions>
    </Filter>
    <Filter Include="Fichiers de ressources">
      <UniqueIdentifier>{67DA6AB6-F800-4c08-8B7A-83BB121AAD01}</UniqueIdentifier>
      <Extensions>rc;ico;cur;bmp;dlg;rc2;rct;bin;rgs;gif;jpg;jpeg;jpe;resx;tiff;tif;png;wav;mfcribbon-ms</Extensions>
    </Filter>
    <Filter Include="Fichiers d%27en-tête\Engine">
      <UniqueIdentifier>{dfdd9c04-bdfb-482c-ab93-c8be4370b718}</UniqueIdentifier>
    </Filter>
    <Filter Include="Fichiers sources\Engine">
      <UniqueIdentifier>{9a28dde0-6b7b-467d-bbd3-7f8c28d38972}</UniqueIdentifier>
    </Filter>
    <Filter Include="Fichiers d%27en-tête\Engine\Managers">
      <UniqueIdentifier>{9d63f0ff-7a42-4851-9e68-0ed64021363d}</UniqueIdentifier>
    </Filter>
    <Filter Include="Fichiers d%27en-tête\Engine\Tools">
      <UniqueIdentifier>{19b0bd18-611a-44cd-b4a1-8bc756716237}</UniqueIdentifier>
    </Filter>
    <Filter Include="Fichiers sources\Engine\Tools">
      <UniqueIdentifier>{c4ad40b4-e6ba-42f9-aa2f-90fc65a3c0e5}</UniqueIdentifier>
    </Filter>
    <Filter Include="Fichiers sources\Engine\Managers">
      <UniqueIdentifier>{5fb23705-ed99-4096-b093-aaa646bb1ba0}</UniqueIdentifier>
    </Filter>
    <Filter Include="Fichiers de ressources\Shaders">
      <UniqueIdentifier>{82ff56ec-7840-49a2-abfe-8dcfdd584b5e}</UniqueIdentifier>
    </Filter>
    <Filter Include="Fichiers sources\Game">
      <UniqueIdentifier>{6de503f4-e839-4ed7-b041-1a6cce6bc713}</UniqueIdentifier>
    </Filter>
    <Filter Include="Fichiers sources\Game\State Machine">
      <UniqueIdentifier>{3b5b205a-c681-45ca-b7bd-6073cbf882b0}</UniqueIdentifier>
    </Filter>
    <Filter Include="Fichiers sources\Game\Entities">
      <UniqueIdentifier>{98ef40b2-d619-486a-b8db-edf02366f8e2}</UniqueIdentifier>
    </Filter>
    <Filter Include="Fichiers d%27en-tête\Game">
      <UniqueIdentifier>{f4b26346-a83e-4331-8002-5704d5137d2e}</UniqueIdentifier>
    </Filter>
    <Filter Include="Fichiers d%27en-tête\Game\State Machine">
      <UniqueIdentifier>{cf626fda-28ce-456a-a39c-9b7e2c809608}</UniqueIdentifier>
    </Filter>
    <Filter Include="Fichiers d%27en-tête\Game\Entities">
      <UniqueIdentifier>{46cdc5f3-d438-46b6-bdec-bdb2f9168027}</UniqueIdentifier>
    </Filter>
    <Filter Include="Fichiers sources\Game\State Machine\Menu Substates">
      <UniqueIdentifier>{20c8e9ff-114d-45c1-88c1-80b4852bcb12}</UniqueIdentifier>
    </Filter>
    <Filter Include="Fichiers d%27en-tête\Game\State Machine\Menu Substates">
      <UniqueIdentifier>{c5f69b50-1600-49a0-a911-7623edc2b852}</UniqueIdentifier>
    </Filter>
    <Filter Include="Fichiers sources\Game\Waves">
      <UniqueIdentifier>{5b394241-5236-480f-93c5-b89fa09862fd}</UniqueIdentifier>
    </Filter>
    <Filter Include="Fichiers d%27en-tête\Game\Waves">
      <UniqueIdentifier>{7eb72000-373e-4ee6-b72b-56c927db0948}</UniqueIdentifier>
    </Filter>
    <Filter Include="Fichiers sources\Game\Entities\Enemy Types">
      <UniqueIdentifier>{6c4a68c6-7027-40e7-8f20-884368d4e632}</UniqueIdentifier>
    </Filter>
    <Filter Include="Fichiers d%27en-tête\Game\Entities\Enemy Types">
      <UniqueIdentifier>{9e2399c3-aace-4358-8b73-358d24137268}</UniqueIdentifier>
    </Filter>
  </ItemGroup>
  <ItemGroup>
    <ClCompile Include="main.c">
      <Filter>Fichiers sources</Filter>
    </ClCompile>
    <ClCompile Include="gamepad.c">
      <Filter>Fichiers sources\Engine\Tools</Filter>
    </ClCompile>
    <ClCompile Include="interpolation.c">
      <Filter>Fichiers sources\Engine\Tools</Filter>
    </ClCompile>
    <ClCompile Include="json_parser.c">
      <Filter>Fichiers sources\Engine\Tools</Filter>
    </ClCompile>
    <ClCompile Include="keyboard.c">
      <Filter>Fichiers sources\Engine\Tools</Filter>
    </ClCompile>
    <ClCompile Include="logger.c">
      <Filter>Fichiers sources\Engine\Tools</Filter>
    </ClCompile>
    <ClCompile Include="tools.c">
      <Filter>Fichiers sources\Engine\Tools</Filter>
    </ClCompile>
    <ClCompile Include="vectors.c">
      <Filter>Fichiers sources\Engine\Tools</Filter>
    </ClCompile>
    <ClCompile Include="particle_manager.c">
      <Filter>Fichiers sources\Engine\Managers</Filter>
    </ClCompile>
    <ClCompile Include="shader_manager.c">
      <Filter>Fichiers sources\Engine\Managers</Filter>
    </ClCompile>
    <ClCompile Include="sound_manager.c">
      <Filter>Fichiers sources\Engine\Managers</Filter>
    </ClCompile>
    <ClCompile Include="state_manager.c">
      <Filter>Fichiers sources\Engine\Managers</Filter>
    </ClCompile>
    <ClCompile Include="texture_manager.c">
      <Filter>Fichiers sources\Engine\Managers</Filter>
    </ClCompile>
    <ClCompile Include="window_manager.c">
      <Filter>Fichiers sources\Engine\Managers</Filter>
    </ClCompile>
    <ClCompile Include="va_tools.c">
      <Filter>Fichiers sources\Engine\Tools</Filter>
    </ClCompile>
    <ClCompile Include="game.c">
      <Filter>Fichiers sources\Game\State Machine</Filter>
    </ClCompile>
    <ClCompile Include="demo.c">
      <Filter>Fichiers sources\Engine</Filter>
    </ClCompile>
    <ClCompile Include="player.c">
      <Filter>Fichiers sources\Game\Entities</Filter>
    </ClCompile>
    <ClCompile Include="enemy.c">
      <Filter>Fichiers sources\Game\Entities</Filter>
    </ClCompile>
    <ClCompile Include="player_bullet.c">
      <Filter>Fichiers sources\Game\Entities</Filter>
    </ClCompile>
    <ClCompile Include="walls.c">
      <Filter>Fichiers sources\Game</Filter>
    </ClCompile>
    <ClCompile Include="models.c">
      <Filter>Fichiers sources\Game</Filter>
    </ClCompile>
    <ClCompile Include="init.c">
      <Filter>Fichiers sources\Game\State Machine</Filter>
    </ClCompile>
    <ClCompile Include="intro.c">
      <Filter>Fichiers sources\Game\State Machine</Filter>
    </ClCompile>
    <ClCompile Include="va_text.c">
      <Filter>Fichiers sources\Engine\Tools</Filter>
    </ClCompile>
    <ClCompile Include="menu.c">
      <Filter>Fichiers sources\Game\State Machine</Filter>
    </ClCompile>
    <ClCompile Include="menu\bg.c">
      <Filter>Fichiers sources\Game\State Machine\Menu Substates</Filter>
    </ClCompile>
    <ClCompile Include="menu\menu_main.c">
      <Filter>Fichiers sources\Game\State Machine\Menu Substates</Filter>
    </ClCompile>
    <ClCompile Include="enemy_bullet.c">
      <Filter>Fichiers sources\Game\Entities</Filter>
    </ClCompile>
    <ClCompile Include="waves\level_1.c">
      <Filter>Fichiers sources\Game\Waves</Filter>
    </ClCompile>
    <ClCompile Include="waves.c">
      <Filter>Fichiers sources\Game\Waves</Filter>
    </ClCompile>
    <ClCompile Include="menu\menu_credits.c">
      <Filter>Fichiers sources\Game\State Machine\Menu Substates</Filter>
    </ClCompile>
    <ClCompile Include="collisions.c">
      <Filter>Fichiers sources\Engine\Tools</Filter>
    </ClCompile>
    <ClCompile Include="sfx.c">
      <Filter>Fichiers sources\Game</Filter>
    </ClCompile>
    <ClCompile Include="menu\menu_options.c">
      <Filter>Fichiers sources\Game\State Machine\Menu Substates</Filter>
    </ClCompile>
    <ClCompile Include="menu\menu_controls.c">
      <Filter>Fichiers sources\Game\State Machine\Menu Substates</Filter>
    </ClCompile>
    <ClCompile Include="controls.c">
      <Filter>Fichiers sources\Game</Filter>
    </ClCompile>
    <ClCompile Include="savefile.c">
      <Filter>Fichiers sources\Game</Filter>
    </ClCompile>
    <ClCompile Include="score.c">
      <Filter>Fichiers sources\Game</Filter>
    </ClCompile>
    <ClCompile Include="enemy\wall.c">
      <Filter>Fichiers sources\Game\Entities\Enemy Types</Filter>
    </ClCompile>
    <ClCompile Include="enemy\spark.c">
      <Filter>Fichiers sources\Game\Entities\Enemy Types</Filter>
    </ClCompile>
    <ClCompile Include="enemy\dart.c">
      <Filter>Fichiers sources\Game\Entities\Enemy Types</Filter>
    </ClCompile>
    <ClCompile Include="enemy\streak.c">
      <Filter>Fichiers sources\Game\Entities\Enemy Types</Filter>
    </ClCompile>
    <ClCompile Include="enemy\boss_gamma.c">
      <Filter>Fichiers sources\Game\Entities\Enemy Types</Filter>
    </ClCompile>
  </ItemGroup>
  <ItemGroup>
    <ClInclude Include="gamepad.h">
      <Filter>Fichiers d%27en-tête\Engine\Tools</Filter>
    </ClInclude>
    <ClInclude Include="interpolation.h">
      <Filter>Fichiers d%27en-tête\Engine\Tools</Filter>
    </ClInclude>
    <ClInclude Include="json_parser.h">
      <Filter>Fichiers d%27en-tête\Engine\Tools</Filter>
    </ClInclude>
    <ClInclude Include="keyboard.h">
      <Filter>Fichiers d%27en-tête\Engine\Tools</Filter>
    </ClInclude>
    <ClInclude Include="logger.h">
      <Filter>Fichiers d%27en-tête\Engine\Tools</Filter>
    </ClInclude>
    <ClInclude Include="tools.h">
      <Filter>Fichiers d%27en-tête\Engine\Tools</Filter>
    </ClInclude>
    <ClInclude Include="vectors.h">
      <Filter>Fichiers d%27en-tête\Engine\Tools</Filter>
    </ClInclude>
    <ClInclude Include="particle_manager.h">
      <Filter>Fichiers d%27en-tête\Engine\Managers</Filter>
    </ClInclude>
    <ClInclude Include="shader_manager.h">
      <Filter>Fichiers d%27en-tête\Engine\Managers</Filter>
    </ClInclude>
    <ClInclude Include="sound_manager.h">
      <Filter>Fichiers d%27en-tête\Engine\Managers</Filter>
    </ClInclude>
    <ClInclude Include="state_manager.h">
      <Filter>Fichiers d%27en-tête\Engine\Managers</Filter>
    </ClInclude>
    <ClInclude Include="texture_manager.h">
      <Filter>Fichiers d%27en-tête\Engine\Managers</Filter>
    </ClInclude>
    <ClInclude Include="window_manager.h">
      <Filter>Fichiers d%27en-tête\Engine\Managers</Filter>
    </ClInclude>
    <ClInclude Include="va_tools.h">
      <Filter>Fichiers d%27en-tête\Engine\Tools</Filter>
    </ClInclude>
    <ClInclude Include="game.h">
      <Filter>Fichiers d%27en-tête\Game\State Machine</Filter>
    </ClInclude>
    <ClInclude Include="demo.h">
      <Filter>Fichiers d%27en-tête\Engine</Filter>
    </ClInclude>
    <ClInclude Include="player.h">
      <Filter>Fichiers d%27en-tête\Game\Entities</Filter>
    </ClInclude>
    <ClInclude Include="walls.h">
      <Filter>Fichiers d%27en-tête\Game</Filter>
    </ClInclude>
    <ClInclude Include="player_bullet.h">
      <Filter>Fichiers d%27en-tête\Game\Entities</Filter>
    </ClInclude>
    <ClInclude Include="enemy.h">
      <Filter>Fichiers d%27en-tête\Game\Entities</Filter>
    </ClInclude>
    <ClInclude Include="models.h">
      <Filter>Fichiers d%27en-tête\Game</Filter>
    </ClInclude>
    <ClInclude Include="va_text.h">
      <Filter>Fichiers d%27en-tête\Engine\Tools</Filter>
    </ClInclude>
    <ClInclude Include="init.h">
      <Filter>Fichiers d%27en-tête\Game\State Machine</Filter>
    </ClInclude>
    <ClInclude Include="intro.h">
      <Filter>Fichiers d%27en-tête\Game\State Machine</Filter>
    </ClInclude>
    <ClInclude Include="menu.h">
      <Filter>Fichiers d%27en-tête\Game\State Machine</Filter>
    </ClInclude>
    <ClInclude Include="menu\bg.h">
      <Filter>Fichiers d%27en-tête\Game\State Machine\Menu Substates</Filter>
    </ClInclude>
    <ClInclude Include="menu\menu_main.h">
      <Filter>Fichiers d%27en-tête\Game\State Machine\Menu Substates</Filter>
    </ClInclude>
    <ClInclude Include="enemy_bullet.h">
      <Filter>Fichiers d%27en-tête\Game\Entities</Filter>
    </ClInclude>
    <ClInclude Include="waves\level_1.h">
      <Filter>Fichiers d%27en-tête\Game\Waves</Filter>
    </ClInclude>
    <ClInclude Include="waves.h">
      <Filter>Fichiers d%27en-tête\Game\Waves</Filter>
    </ClInclude>
    <ClInclude Include="score.h">
      <Filter>Fichiers d%27en-tête\Game</Filter>
    </ClInclude>
    <ClInclude Include="menu\menu_credits.h">
      <Filter>Fichiers d%27en-tête\Game\State Machine\Menu Substates</Filter>
    </ClInclude>
    <ClInclude Include="collisions.h">
      <Filter>Fichiers d%27en-tête\Engine\Tools</Filter>
    </ClInclude>
    <ClInclude Include="sfx.h">
      <Filter>Fichiers d%27en-tête\Game</Filter>
    </ClInclude>
    <ClInclude Include="menu\menu_options.h">
      <Filter>Fichiers d%27en-tête\Game\State Machine\Menu Substates</Filter>
    </ClInclude>
    <ClInclude Include="savefile.h">
      <Filter>Fichiers d%27en-tête\Game</Filter>
    </ClInclude>
    <ClInclude Include="menu\menu_controls.h">
      <Filter>Fichiers d%27en-tête\Game\State Machine\Menu Substates</Filter>
    </ClInclude>
    <ClInclude Include="controls.h">
      <Filter>Fichiers d%27en-tête\Game</Filter>
    </ClInclude>
    <ClInclude Include="enemy\wall.h">
      <Filter>Fichiers d%27en-tête\Game\Entities\Enemy Types</Filter>
    </ClInclude>
    <ClInclude Include="enemy\spark.h">
      <Filter>Fichiers d%27en-tête\Game\Entities\Enemy Types</Filter>
    </ClInclude>
    <ClInclude Include="enemy\dart.h">
      <Filter>Fichiers d%27en-tête\Game\Entities\Enemy Types</Filter>
    </ClInclude>
    <ClInclude Include="enemy\streak.h">
      <Filter>Fichiers d%27en-tête\Game\Entities\Enemy Types</Filter>
    </ClInclude>
    <ClInclude Include="enemy\boss_gamma.h">
      <Filter>Fichiers d%27en-tête\Game\Entities\Enemy Types</Filter>
    </ClInclude>
  </ItemGroup>
  <ItemGroup>
    <None Include="..\assets\shaders\text.frag">
      <Filter>Fichiers de ressources\Shaders</Filter>
    </None>
    <None Include="..\assets\shaders\grid.frag">
      <Filter>Fichiers de ressources\Shaders</Filter>
    </None>
  </ItemGroup>
</Project>